PODS:
  - CocoaLumberjack (2.2.0):
    - CocoaLumberjack/Default (= 2.2.0)
    - CocoaLumberjack/Extensions (= 2.2.0)
  - CocoaLumberjack/Core (2.2.0)
  - CocoaLumberjack/Default (2.2.0):
    - CocoaLumberjack/Core
  - CocoaLumberjack/Extensions (2.2.0):
    - CocoaLumberjack/Default
  - Firebase (2.5.0)
  - NBULog (1.2.4):
    - CocoaLumberjack (>= 2.0.0)
  - NNFirebaseResultsController (0.1.0):
    - Firebase
    - NBULog

DEPENDENCIES:
  - NNFirebaseResultsController (from `../`)

EXTERNAL SOURCES:
  NNFirebaseResultsController:
    :path: ../

SPEC CHECKSUMS:
  CocoaLumberjack: 17fe8581f84914d5d7e6360f7c70022b173c3ae0
  Firebase: 744617c0733b45198f9486ebd5cac64ec2d10d79
  NBULog: 4003be6706b97a7e376ab4171c666ac7c2fbc2b2
  NNFirebaseResultsController: 8729178dcb57fca1eb4ad02d113eb9f51742961b

COCOAPODS: 0.39.0
